// !$*UTF8*$!
{
	archiveVersion = 1;
	classes = {
	};
	objectVersion = 50;
	objects = {

/* Begin PBXBuildFile section */
		312D48BB243242DB00699A04 /* AppDelegate.swift in Sources */ = {isa = PBXBuildFile; fileRef = 312D48BA243242DB00699A04 /* AppDelegate.swift */; };
		312D48BD243242DB00699A04 /* SceneDelegate.swift in Sources */ = {isa = PBXBuildFile; fileRef = 312D48BC243242DB00699A04 /* SceneDelegate.swift */; };
		312D48BF243242DB00699A04 /* ViewController.swift in Sources */ = {isa = PBXBuildFile; fileRef = 312D48BE243242DB00699A04 /* ViewController.swift */; };
		312D48C2243242DB00699A04 /* Main.storyboard in Resources */ = {isa = PBXBuildFile; fileRef = 312D48C0243242DB00699A04 /* Main.storyboard */; };
		312D48C4243242DF00699A04 /* Assets.xcassets in Resources */ = {isa = PBXBuildFile; fileRef = 312D48C3243242DF00699A04 /* Assets.xcassets */; };
		312D48C7243242DF00699A04 /* LaunchScreen.storyboard in Resources */ = {isa = PBXBuildFile; fileRef = 312D48C5243242DF00699A04 /* LaunchScreen.storyboard */; };
		312D48D12432431000699A04 /* NSObject+Extension.m in Sources */ = {isa = PBXBuildFile; fileRef = 312D48D02432431000699A04 /* NSObject+Extension.m */; };
/* End PBXBuildFile section */

/* Begin PBXFileReference section */
		312D48B7243242DB00699A04 /* iOS不定长参数.app */ = {isa = PBXFileReference; explicitFileType = wrapper.application; includeInIndex = 0; path = "iOS不定长参数.app"; sourceTree = BUILT_PRODUCTS_DIR; };
		312D48BA243242DB00699A04 /* AppDelegate.swift */ = {isa = PBXFileReference; lastKnownFileType = sourcecode.swift; path = AppDelegate.swift; sourceTree = "<group>"; };
		312D48BC243242DB00699A04 /* SceneDelegate.swift */ = {isa = PBXFileReference; lastKnownFileType = sourcecode.swift; path = SceneDelegate.swift; sourceTree = "<group>"; };
		312D48BE243242DB00699A04 /* ViewController.swift */ = {isa = PBXFileReference; lastKnownFileType = sourcecode.swift; path = ViewController.swift; sourceTree = "<group>"; };
		312D48C1243242DB00699A04 /* Base */ = {isa = PBXFileReference; lastKnownFileType = file.storyboard; name = Base; path = Base.lproj/Main.storyboard; sourceTree = "<group>"; };
		312D48C3243242DF00699A04 /* Assets.xcassets */ = {isa = PBXFileReference; lastKnownFileType = folder.assetcatalog; path = Assets.xcassets; sourceTree = "<group>"; };
		312D48C6243242DF00699A04 /* Base */ = {isa = PBXFileReference; lastKnownFileType = file.storyboard; name = Base; path = Base.lproj/LaunchScreen.storyboard; sourceTree = "<group>"; };
		312D48C8243242DF00699A04 /* Info.plist */ = {isa = PBXFileReference; lastKnownFileType = text.plist.xml; path = Info.plist; sourceTree = "<group>"; };
		312D48CE2432431000699A04 /* iOS不定长参数-Bridging-Header.h */ = {isa = PBXFileReference; lastKnownFileType = sourcecode.c.h; path = "iOS不定长参数-Bridging-Header.h"; sourceTree = "<group>"; };
		312D48CF2432431000699A04 /* NSObject+Extension.h */ = {isa = PBXFileReference; lastKnownFileType = sourcecode.c.h; path = "NSObject+Extension.h"; sourceTree = "<group>"; };
		312D48D02432431000699A04 /* NSObject+Extension.m */ = {isa = PBXFileReference; lastKnownFileType = sourcecode.c.objc; path = "NSObject+Extension.m"; sourceTree = "<group>"; };
/* End PBXFileReference section */

/* Begin PBXFrameworksBuildPhase section */
		312D48B4243242DB00699A04 /* Frameworks */ = {
			isa = PBXFrameworksBuildPhase;
			buildActionMask = 2147483647;
			files = (
			);
			runOnlyForDeploymentPostprocessing = 0;
		};
/* End PBXFrameworksBuildPhase section */

/* Begin PBXGroup section */
		312D48AE243242DB00699A04 = {
			isa = PBXGroup;
			children = (
				312D48CF2432431000699A04 /* NSObject+Extension.h */,
				312D48D02432431000699A04 /* NSObject+Extension.m */,
				312D48B9243242DB00699A04 /* iOS不定长参数 */,
				312D48B8243242DB00699A04 /* Products */,
				312D48CE2432431000699A04 /* iOS不定长参数-Bridging-Header.h */,
			);
			sourceTree = "<group>";
		};
		312D48B8243242DB00699A04 /* Products */ = {
			isa = PBXGroup;
			children = (
				312D48B7243242DB00699A04 /* iOS不定长参数.app */,
			);
			name = Products;
			sourceTree = "<group>";
		};
		312D48B9243242DB00699A04 /* iOS不定长参数 */ = {
			isa = PBXGroup;
			children = (
				312D48BA243242DB00699A04 /* AppDelegate.swift */,
				312D48BC243242DB00699A04 /* SceneDelegate.swift */,
				312D48BE243242DB00699A04 /* ViewController.swift */,
				312D48C0243242DB00699A04 /* Main.storyboard */,
				312D48C3243242DF00699A04 /* Assets.xcassets */,
				312D48C5243242DF00699A04 /* LaunchScreen.storyboard */,
				312D48C8243242DF00699A04 /* Info.plist */,
			);
			path = "iOS不定长参数";
			sourceTree = "<group>";
		};
/* End PBXGroup section */

/* Begin PBXNativeTarget section */
		312D48B6243242DB00699A04 /* iOS不定长参数 */ = {
			isa = PBXNativeTarget;
			buildConfigurationList = 312D48CB243242DF00699A04 /* Build configuration list for PBXNativeTarget "iOS不定长参数" */;
			buildPhases = (
				312D48B3243242DB00699A04 /* Sources */,
				312D48B4243242DB00699A04 /* Frameworks */,
				312D48B5243242DB00699A04 /* Resources */,
			);
			buildRules = (
			);
			dependencies = (
			);
			name = "iOS不定长参数";
			productName = "iOS不定长参数";
			productReference = 312D48B7243242DB00699A04 /* iOS不定长参数.app */;
			productType = "com.apple.product-type.application";
		};
/* End PBXNativeTarget section */

/* Begin PBXProject section */
		312D48AF243242DB00699A04 /* Project object */ = {
			isa = PBXProject;
			attributes = {
				LastSwiftUpdateCheck = 1130;
				LastUpgradeCheck = 1130;
				ORGANIZATIONNAME = "李小龙";
				TargetAttributes = {
					312D48B6243242DB00699A04 = {
						CreatedOnToolsVersion = 11.3.1;
						LastSwiftMigration = 1130;
					};
				};
			};
			buildConfigurationList = 312D48B2243242DB00699A04 /* Build configuration list for PBXProject "iOS不定长参数" */;
			compatibilityVersion = "Xcode 9.3";
			developmentRegion = en;
			hasScannedForEncodings = 0;
			knownRegions = (
				en,
				Base,
			);
			mainGroup = 312D48AE243242DB00699A04;
			productRefGroup = 312D48B8243242DB00699A04 /* Products */;
			projectDirPath = "";
			projectRoot = "";
			targets = (
				312D48B6243242DB00699A04 /* iOS不定长参数 */,
			);
		};
/* End PBXProject section */

/* Begin PBXResourcesBuildPhase section */
		312D48B5243242DB00699A04 /* Resources */ = {
			isa = PBXResourcesBuildPhase;
			buildActionMask = 2147483647;
			files = (
				312D48C7243242DF00699A04 /* LaunchScreen.storyboard in Resources */,
				312D48C4243242DF00699A04 /* Assets.xcassets in Resources */,
				312D48C2243242DB00699A04 /* Main.storyboard in Resources */,
			);
			runOnlyForDeploymentPostprocessing = 0;
		};
/* End PBXResourcesBuildPhase section */

/* Begin PBXSourcesBuildPhase section */
		312D48B3243242DB00699A04 /* Sources */ = {
			isa = PBXSourcesBuildPhase;
			buildActionMask = 2147483647;
			files = (
				312D48BF243242DB00699A04 /* ViewController.swift in Sources */,
				312D48BB243242DB00699A04 /* AppDelegate.swift in Sources */,
				312D48BD243242DB00699A04 /* SceneDelegate.swift in Sources */,
				312D48D12432431000699A04 /* NSObject+Extension.m in Sources */,
			);
			runOnlyForDeploymentPostprocessing = 0;
		};
/* End PBXSourcesBuildPhase section */

/* Begin PBXVariantGroup section */
		312D48C0243242DB00699A04 /* Main.storyboard */ = {
			isa = PBXVariantGroup;
			children = (
				312D48C1243242DB00699A04 /* Base */,
			);
			name = Main.storyboard;
			sourceTree = "<group>";
		};
		312D48C5243242DF00699A04 /* LaunchScreen.storyboard */ = {
			isa = PBXVariantGroup;
			children = (
				312D48C6243242DF00699A04 /* Base */,
			);
			name = LaunchScreen.storyboard;
			sourceTree = "<group>";
		};
/* End PBXVariantGroup section */

/* Begin XCBuildConfiguration section */
		312D48C9243242DF00699A04 /* Debug */ = {
			isa = XCBuildConfiguration;
			buildSettings = {
				ALWAYS_SEARCH_USER_PATHS = NO;
				CLANG_ANALYZER_NONNULL = YES;
				CLANG_ANALYZER_NUMBER_OBJECT_CONVERSION = YES_AGGRESSIVE;
				CLANG_CXX_LANGUAGE_STANDARD = "gnu++14";
				CLANG_CXX_LIBRARY = "libc++";
				CLANG_ENABLE_MODULES = YES;
				CLANG_ENABLE_OBJC_ARC = YES;
				CLANG_ENABLE_OBJC_WEAK = YES;
				CLANG_WARN_BLOCK_CAPTURE_AUTORELEASING = YES;
				CLANG_WARN_BOOL_CONVERSION = YES;
				CLANG_WARN_COMMA = YES;
				CLANG_WARN_CONSTANT_CONVERSION = YES;
				CLANG_WARN_DEPRECATED_OBJC_IMPLEMENTATIONS = YES;
				CLANG_WARN_DIRECT_OBJC_ISA_USAGE = YES_ERROR;
				CLANG_WARN_DOCUMENTATION_COMMENTS = YES;
				CLANG_WARN_EMPTY_BODY = YES;
				CLANG_WARN_ENUM_CONVERSION = YES;
				CLANG_WARN_INFINITE_RECURSION = YES;
				CLANG_WARN_INT_CONVERSION = YES;
				CLANG_WARN_NON_LITERAL_NULL_CONVERSION = YES;
				CLANG_WARN_OBJC_IMPLICIT_RETAIN_SELF = YES;
				CLANG_WARN_OBJC_LITERAL_CONVERSION = YES;
				CLANG_WARN_OBJC_ROOT_CLASS = YES_ERROR;
				CLANG_WARN_RANGE_LOOP_ANALYSIS = YES;
				CLANG_WARN_STRICT_PROTOTYPES = YES;
				CLANG_WARN_SUSPICIOUS_MOVE = YES;
				CLANG_WARN_UNGUARDED_AVAILABILITY = YES_AGGRESSIVE;
				CLANG_WARN_UNREACHABLE_CODE = YES;
				CLANG_WARN__DUPLICATE_METHOD_MATCH = YES;
				COPY_PHASE_STRIP = NO;
				DEBUG_INFORMATION_FORMAT = dwarf;
				ENABLE_STRICT_OBJC_MSGSEND = YES;
				ENABLE_TESTABILITY = YES;
				GCC_C_LANGUAGE_STANDARD = gnu11;
				GCC_DYNAMIC_NO_PIC = NO;
				GCC_NO_COMMON_BLOCKS = YES;
				GCC_OPTIMIZATION_LEVEL = 0;
				GCC_PREPROCESSOR_DEFINITIONS = (
					"DEBUG=1",
					"$(inherited)",
				);
				GCC_WARN_64_TO_32_BIT_CONVERSION = YES;
				GCC_WARN_ABOUT_RETURN_TYPE = YES_ERROR;
				GCC_WARN_UNDECLARED_SELECTOR = YES;
				GCC_WARN_UNINITIALIZED_AUTOS = YES_AGGRESSIVE;
				GCC_WARN_UNUSED_FUNCTION = YES;
				GCC_WARN_UNUSED_VARIABLE = YES;
				IPHONEOS_DEPLOYMENT_TARGET = 13.2;
				MTL_ENABLE_DEBUG_INFO = INCLUDE_SOURCE;
				MTL_FAST_MATH = YES;
				ONLY_ACTIVE_ARCH = YES;
				SDKROOT = iphoneos;
				SWIFT_ACTIVE_COMPILATION_CONDITIONS = DEBUG;
				SWIFT_OPTIMIZATION_LEVEL = "-Onone";
			};
			name = Debug;
		};
		312D48CA243242DF00699A04 /* Release */ = {
			isa = XCBuildConfiguration;
			buildSettings = {
				ALWAYS_SEARCH_USER_PATHS = NO;
				CLANG_ANALYZER_NONNULL = YES;
				CLANG_ANALYZER_NUMBER_OBJECT_CONVERSION = YES_AGGRESSIVE;
				CLANG_CXX_LANGUAGE_STANDARD = "gnu++14";
				CLANG_CXX_LIBRARY = "libc++";
				CLANG_ENABLE_MODULES = YES;
				CLANG_ENABLE_OBJC_ARC = YES;
				CLANG_ENABLE_OBJC_WEAK = YES;
				CLANG_WARN_BLOCK_CAPTURE_AUTORELEASING = YES;
				CLANG_WARN_BOOL_CONVERSION = YES;
				CLANG_WARN_COMMA = YES;
				CLANG_WARN_CONSTANT_CONVERSION = YES;
				CLANG_WARN_DEPRECATED_OBJC_IMPLEMENTATIONS = YES;
				CLANG_WARN_DIRECT_OBJC_ISA_USAGE = YES_ERROR;
				CLANG_WARN_DOCUMENTATION_COMMENTS = YES;
				CLANG_WARN_EMPTY_BODY = YES;
				CLANG_WARN_ENUM_CONVERSION = YES;
				CLANG_WARN_INFINITE_RECURSION = YES;
				CLANG_WARN_INT_CONVERSION = YES;
				CLANG_WARN_NON_LITERAL_NULL_CONVERSION = YES;
				CLANG_WARN_OBJC_IMPLICIT_RETAIN_SELF = YES;
				CLANG_WARN_OBJC_LITERAL_CONVERSION = YES;
				CLANG_WARN_OBJC_ROOT_CLASS = YES_ERROR;
				CLANG_WARN_RANGE_LOOP_ANALYSIS = YES;
				CLANG_WARN_STRICT_PROTOTYPES = YES;
				CLANG_WARN_SUSPICIOUS_MOVE = YES;
				CLANG_WARN_UNGUARDED_AVAILABILITY = YES_AGGRESSIVE;
				CLANG_WARN_UNREACHABLE_CODE = YES;
				CLANG_WARN__DUPLICATE_METHOD_MATCH = YES;
				COPY_PHASE_STRIP = NO;
				DEBUG_INFORMATION_FORMAT = "dwarf-with-dsym";
				ENABLE_NS_ASSERTIONS = NO;
				ENABLE_STRICT_OBJC_MSGSEND = YES;
				GCC_C_LANGUAGE_STANDARD = gnu11;
				GCC_NO_COMMON_BLOCKS = YES;
				GCC_WARN_64_TO_32_BIT_CONVERSION = YES;
				GCC_WARN_ABOUT_RETURN_TYPE = YES_ERROR;
				GCC_WARN_UNDECLARED_SELECTOR = YES;
				GCC_WARN_UNINITIALIZED_AUTOS = YES_AGGRESSIVE;
				GCC_WARN_UNUSED_FUNCTION = YES;
				GCC_WARN_UNUSED_VARIABLE = YES;
				IPHONEOS_DEPLOYMENT_TARGET = 13.2;
				MTL_ENABLE_DEBUG_INFO = NO;
				MTL_FAST_MATH = YES;
				SDKROOT = iphoneos;
				SWIFT_COMPILATION_MODE = wholemodule;
				SWIFT_OPTIMIZATION_LEVEL = "-O";
				VALIDATE_PRODUCT = YES;
			};
			name = Release;
		};
		312D48CC243242DF00699A04 /* Debug */ = {
			isa = XCBuildConfiguration;
			buildSettings = {
				ASSETCATALOG_COMPILER_APPICON_NAME = AppIcon;
				CLANG_ENABLE_MODULES = YES;
				CODE_SIGN_STYLE = Automatic;
				INFOPLIST_FILE = "iOS不定长参数/Info.plist";
				LD_RUNPATH_SEARCH_PATHS = (
					"$(inherited)",
					"@executable_path/Frameworks",
				);
				PRODUCT_BUNDLE_IDENTIFIER = "lixiaolong.iOS-----";
				PRODUCT_NAME = "$(TARGET_NAME)";
				SWIFT_OBJC_BRIDGING_HEADER = "iOS不定长参数-Bridging-Header.h";
				SWIFT_OPTIMIZATION_LEVEL = "-Onone";
				SWIFT_VERSION = 5.0;
				TARGETED_DEVICE_FAMILY = "1,2";
			};
			name = Debug;
		};
		312D48CD243242DF00699A04 /* Release */ = {
			isa = XCBuildConfiguration;
			buildSettings = {
				ASSETCATALOG_COMPILER_APPICON_NAME = AppIcon;
				CLANG_ENABLE_MODULES = YES;
				CODE_SIGN_STYLE = Automatic;
				INFOPLIST_FILE = "iOS不定长参数/Info.plist";
				LD_RUNPATH_SEARCH_PATHS = (
					"$(inherited)",
					"@executable_path/Frameworks",
				);
				PRODUCT_BUNDLE_IDENTIFIER = "lixiaolong.iOS-----";
				PRODUCT_NAME = "$(TARGET_NAME)";
				SWIFT_OBJC_BRIDGING_HEADER = "iOS不定长参数-Bridging-Header.h";
				SWIFT_VERSION = 5.0;
				TARGETED_DEVICE_FAMILY = "1,2";
			};
			name = Release;
		};
/* End XCBuildConfiguration section */

/* Begin XCConfigurationList section */
		312D48B2243242DB00699A04 /* Build configuration list for PBXProject "iOS不定长参数" */ = {
			isa = XCConfigurationList;
			buildConfigurations = (
				312D48C9243242DF00699A04 /* Debug */,
				312D48CA243242DF00699A04 /* Release */,
			);
			defaultConfigurationIsVisible = 0;
			defaultConfigurationName = Release;
		};
		312D48CB243242DF00699A04 /* Build configuration list for PBXNativeTarget "iOS不定长参数" */ = {
			isa = XCConfigurationList;
			buildConfigurations = (
				312D48CC243242DF00699A04 /* Debug */,
				312D48CD243242DF00699A04 /* Release */,
			);
			defaultConfigurationIsVisible = 0;
			defaultConfigurationName = Release;
		};
/* End XCConfigurationList section */
	};
	rootObject = 312D48AF243242DB00699A04 /* Project object */;
}
